
Microsoft Visual Studio Solution File, Format Version 12.00
# Visual Studio Version 16
VisualStudioVersion = 16.0.31129.286
MinimumVisualStudioVersion = 10.0.40219.1
Project("{FAE04EC0-301F-11D3-BF4B-00C04F79EFBC}") = "Destructor", "Destructor.csproj", "{1ECC870D-F8B2-4069-BC74-BB56CFF25741}"
EndProject
Global
	GlobalSection(SolutionConfigurationPlatforms) = preSolution
		Debug|Any CPU = Debug|Any CPU
		Release|Any CPU = Release|Any CPU
	EndGlobalSection
	GlobalSection(ProjectConfigurationPlatforms) = postSolution
		{1ECC870D-F8B2-4069-BC74-BB56CFF25741}.Debug|Any CPU.ActiveCfg = Debug|Any CPU
		{1ECC870D-F8B2-4069-BC74-BB56CFF25741}.Debug|Any CPU.Build.0 = Debug|Any CPU
		{1ECC870D-F8B2-4069-BC74-BB56CFF25741}.Release|Any CPU.ActiveCfg = Release|Any CPU
		{1ECC870D-F8B2-4069-BC74-BB56CFF25741}.Release|Any CPU.Build.0 = Release|Any CPU
	EndGlobalSection
	GlobalSection(SolutionProperties) = preSolution
		HideSolutionNode = FALSE
	EndGlobalSection
	GlobalSection(ExtensibilityGlobals) = postSolution
		SolutionGuid = {BF9A36F8-C187-4D25-AC40-76EA969F90A9}
	EndGlobalSection
EndGlobal
