
Microsoft Visual Studio Solution File, Format Version 12.00
# Visual Studio Version 16
VisualStudioVersion = 16.0.31129.286
MinimumVisualStudioVersion = 10.0.40219.1
Project("{FAE04EC0-301F-11D3-BF4B-00C04F79EFBC}") = "ClassInheritance", "ClassInheritance.csproj", "{1E68B34D-E0E7-4013-A3DD-CB51CA23CB03}"
EndProject
Global
	GlobalSection(SolutionConfigurationPlatforms) = preSolution
		Debug|Any CPU = Debug|Any CPU
		Release|Any CPU = Release|Any CPU
	EndGlobalSection
	GlobalSection(ProjectConfigurationPlatforms) = postSolution
		{1E68B34D-E0E7-4013-A3DD-CB51CA23CB03}.Debug|Any CPU.ActiveCfg = Debug|Any CPU
		{1E68B34D-E0E7-4013-A3DD-CB51CA23CB03}.Debug|Any CPU.Build.0 = Debug|Any CPU
		{1E68B34D-E0E7-4013-A3DD-CB51CA23CB03}.Release|Any CPU.ActiveCfg = Release|Any CPU
		{1E68B34D-E0E7-4013-A3DD-CB51CA23CB03}.Release|Any CPU.Build.0 = Release|Any CPU
	EndGlobalSection
	GlobalSection(SolutionProperties) = preSolution
		HideSolutionNode = FALSE
	EndGlobalSection
	GlobalSection(ExtensibilityGlobals) = postSolution
		SolutionGuid = {4897DC5B-3DE0-4FB9-9BDA-97DB643A395B}
	EndGlobalSection
EndGlobal
