
Microsoft Visual Studio Solution File, Format Version 12.00
# Visual Studio Version 16
VisualStudioVersion = 16.0.31129.286
MinimumVisualStudioVersion = 10.0.40219.1
Project("{FAE04EC0-301F-11D3-BF4B-00C04F79EFBC}") = "nameofOperator", "nameofOperator.csproj", "{10A3110A-8013-406A-B7D2-55D130B6DCDA}"
EndProject
Global
	GlobalSection(SolutionConfigurationPlatforms) = preSolution
		Debug|Any CPU = Debug|Any CPU
		Release|Any CPU = Release|Any CPU
	EndGlobalSection
	GlobalSection(ProjectConfigurationPlatforms) = postSolution
		{10A3110A-8013-406A-B7D2-55D130B6DCDA}.Debug|Any CPU.ActiveCfg = Debug|Any CPU
		{10A3110A-8013-406A-B7D2-55D130B6DCDA}.Debug|Any CPU.Build.0 = Debug|Any CPU
		{10A3110A-8013-406A-B7D2-55D130B6DCDA}.Release|Any CPU.ActiveCfg = Release|Any CPU
		{10A3110A-8013-406A-B7D2-55D130B6DCDA}.Release|Any CPU.Build.0 = Release|Any CPU
	EndGlobalSection
	GlobalSection(SolutionProperties) = preSolution
		HideSolutionNode = FALSE
	EndGlobalSection
	GlobalSection(ExtensibilityGlobals) = postSolution
		SolutionGuid = {C9DB426C-521B-4D69-920A-AD1A23A18A58}
	EndGlobalSection
EndGlobal
